
Microsoft Visual Studio Solution File, Format Version 12.00
# Visual Studio Version 17
VisualStudioVersion = 17.0.31903.59
MinimumVisualStudioVersion = 10.0.40219.1
Project("{2150E333-8FDC-42A3-9474-1A3956D46DE8}") = "src", "src", "{827E0CD3-B72D-47B6-A68D-7590B98EB39B}"
EndProject
Project("{FAE04EC0-301F-11D3-BF4B-00C04F79EFBC}") = "Needle.Core", "src\Needle.Core\Needle.Core.csproj", "{FA2C8283-48D3-4EDD-AC6E-6EDE793BD57E}"
EndProject
Project("{FAE04EC0-301F-11D3-BF4B-00C04F79EFBC}") = "Needle.Application", "src\Needle.Application\Needle.Application.csproj", "{4F44FE37-5A1A-4D93-8EDF-367C15C7629B}"
EndProject
Project("{FAE04EC0-301F-11D3-BF4B-00C04F79EFBC}") = "Needle.Infrastructure", "src\Needle.Infrastructure\Needle.Infrastructure.csproj", "{2B1EE964-CF5B-4FB6-A2A9-0F3C4BB2D4A9}"
EndProject
Project("{FAE04EC0-301F-11D3-BF4B-00C04F79EFBC}") = "Needle.Parsers", "src\Needle.Parsers\Needle.Parsers.csproj", "{170AD02A-F969-4316-8D82-8B2D23A29A93}"
EndProject
Project("{FAE04EC0-301F-11D3-BF4B-00C04F79EFBC}") = "Needle.Avalonia", "src\Needle.Avalonia\Needle.Avalonia.csproj", "{CAA3EA08-6A6D-4612-8E44-93DFE37FC4C1}"
EndProject
Project("{2150E333-8FDC-42A3-9474-1A3956D46DE8}") = "tests", "tests", "{0AB3BF05-4346-4AA6-1389-037BE0695223}"
EndProject
Project("{FAE04EC0-301F-11D3-BF4B-00C04F79EFBC}") = "Needle.Core.Tests", "tests\Needle.Core.Tests\Needle.Core.Tests.csproj", "{A5B1174A-9B5B-4972-8A0D-1091FB078334}"
EndProject
Project("{FAE04EC0-301F-11D3-BF4B-00C04F79EFBC}") = "Needle.Infrastructure.Tests", "tests\Needle.Infrastructure.Tests\Needle.Infrastructure.Tests.csproj", "{55F7BBB3-2ED3-485B-BE08-43FB3E52F0D3}"
EndProject
Project("{FAE04EC0-301F-11D3-BF4B-00C04F79EFBC}") = "Needle.Parsers.Tests", "tests\Needle.Parsers.Tests\Needle.Parsers.Tests.csproj", "{3F2C4690-AF41-46B8-80A5-CEB643664317}"
EndProject
Project("{FAE04EC0-301F-11D3-BF4B-00C04F79EFBC}") = "Needle.Avalonia.Tests", "tests\Needle.Avalonia.Tests\Needle.Avalonia.Tests.csproj", "{D88B7170-1507-4C7C-BD07-CEE14FE26760}"
EndProject
Global
	GlobalSection(SolutionConfigurationPlatforms) = preSolution
		Debug|Any CPU = Debug|Any CPU
		Debug|x64 = Debug|x64
		Debug|x86 = Debug|x86
		Release|Any CPU = Release|Any CPU
		Release|x64 = Release|x64
		Release|x86 = Release|x86
	EndGlobalSection
	GlobalSection(ProjectConfigurationPlatforms) = postSolution
		{FA2C8283-48D3-4EDD-AC6E-6EDE793BD57E}.Debug|Any CPU.ActiveCfg = Debug|Any CPU
		{FA2C8283-48D3-4EDD-AC6E-6EDE793BD57E}.Debug|Any CPU.Build.0 = Debug|Any CPU
		{FA2C8283-48D3-4EDD-AC6E-6EDE793BD57E}.Debug|x64.ActiveCfg = Debug|Any CPU
		{FA2C8283-48D3-4EDD-AC6E-6EDE793BD57E}.Debug|x64.Build.0 = Debug|Any CPU
		{FA2C8283-48D3-4EDD-AC6E-6EDE793BD57E}.Debug|x86.ActiveCfg = Debug|Any CPU
		{FA2C8283-48D3-4EDD-AC6E-6EDE793BD57E}.Debug|x86.Build.0 = Debug|Any CPU
		{FA2C8283-48D3-4EDD-AC6E-6EDE793BD57E}.Release|Any CPU.ActiveCfg = Release|Any CPU
		{FA2C8283-48D3-4EDD-AC6E-6EDE793BD57E}.Release|Any CPU.Build.0 = Release|Any CPU
		{FA2C8283-48D3-4EDD-AC6E-6EDE793BD57E}.Release|x64.ActiveCfg = Release|Any CPU
		{FA2C8283-48D3-4EDD-AC6E-6EDE793BD57E}.Release|x64.Build.0 = Release|Any CPU
		{FA2C8283-48D3-4EDD-AC6E-6EDE793BD57E}.Release|x86.ActiveCfg = Release|Any CPU
		{FA2C8283-48D3-4EDD-AC6E-6EDE793BD57E}.Release|x86.Build.0 = Release|Any CPU
		{4F44FE37-5A1A-4D93-8EDF-367C15C7629B}.Debug|Any CPU.ActiveCfg = Debug|Any CPU
		{4F44FE37-5A1A-4D93-8EDF-367C15C7629B}.Debug|Any CPU.Build.0 = Debug|Any CPU
		{4F44FE37-5A1A-4D93-8EDF-367C15C7629B}.Debug|x64.ActiveCfg = Debug|Any CPU
		{4F44FE37-5A1A-4D93-8EDF-367C15C7629B}.Debug|x64.Build.0 = Debug|Any CPU
		{4F44FE37-5A1A-4D93-8EDF-367C15C7629B}.Debug|x86.ActiveCfg = Debug|Any CPU
		{4F44FE37-5A1A-4D93-8EDF-367C15C7629B}.Debug|x86.Build.0 = Debug|Any CPU
		{4F44FE37-5A1A-4D93-8EDF-367C15C7629B}.Release|Any CPU.ActiveCfg = Release|Any CPU
		{4F44FE37-5A1A-4D93-8EDF-367C15C7629B}.Release|Any CPU.Build.0 = Release|Any CPU
		{4F44FE37-5A1A-4D93-8EDF-367C15C7629B}.Release|x64.ActiveCfg = Release|Any CPU
		{4F44FE37-5A1A-4D93-8EDF-367C15C7629B}.Release|x64.Build.0 = Release|Any CPU
		{4F44FE37-5A1A-4D93-8EDF-367C15C7629B}.Release|x86.ActiveCfg = Release|Any CPU
		{4F44FE37-5A1A-4D93-8EDF-367C15C7629B}.Release|x86.Build.0 = Release|Any CPU
		{2B1EE964-CF5B-4FB6-A2A9-0F3C4BB2D4A9}.Debug|Any CPU.ActiveCfg = Debug|Any CPU
		{2B1EE964-CF5B-4FB6-A2A9-0F3C4BB2D4A9}.Debug|Any CPU.Build.0 = Debug|Any CPU
		{2B1EE964-CF5B-4FB6-A2A9-0F3C4BB2D4A9}.Debug|x64.ActiveCfg = Debug|Any CPU
		{2B1EE964-CF5B-4FB6-A2A9-0F3C4BB2D4A9}.Debug|x64.Build.0 = Debug|Any CPU
		{2B1EE964-CF5B-4FB6-A2A9-0F3C4BB2D4A9}.Debug|x86.ActiveCfg = Debug|Any CPU
		{2B1EE964-CF5B-4FB6-A2A9-0F3C4BB2D4A9}.Debug|x86.Build.0 = Debug|Any CPU
		{2B1EE964-CF5B-4FB6-A2A9-0F3C4BB2D4A9}.Release|Any CPU.ActiveCfg = Release|Any CPU
		{2B1EE964-CF5B-4FB6-A2A9-0F3C4BB2D4A9}.Release|Any CPU.Build.0 = Release|Any CPU
		{2B1EE964-CF5B-4FB6-A2A9-0F3C4BB2D4A9}.Release|x64.ActiveCfg = Release|Any CPU
		{2B1EE964-CF5B-4FB6-A2A9-0F3C4BB2D4A9}.Release|x64.Build.0 = Release|Any CPU
		{2B1EE964-CF5B-4FB6-A2A9-0F3C4BB2D4A9}.Release|x86.ActiveCfg = Release|Any CPU
		{2B1EE964-CF5B-4FB6-A2A9-0F3C4BB2D4A9}.Release|x86.Build.0 = Release|Any CPU
		{170AD02A-F969-4316-8D82-8B2D23A29A93}.Debug|Any CPU.ActiveCfg = Debug|Any CPU
		{170AD02A-F969-4316-8D82-8B2D23A29A93}.Debug|Any CPU.Build.0 = Debug|Any CPU
		{170AD02A-F969-4316-8D82-8B2D23A29A93}.Debug|x64.ActiveCfg = Debug|Any CPU
		{170AD02A-F969-4316-8D82-8B2D23A29A93}.Debug|x64.Build.0 = Debug|Any CPU
		{170AD02A-F969-4316-8D82-8B2D23A29A93}.Debug|x86.ActiveCfg = Debug|Any CPU
		{170AD02A-F969-4316-8D82-8B2D23A29A93}.Debug|x86.Build.0 = Debug|Any CPU
		{170AD02A-F969-4316-8D82-8B2D23A29A93}.Release|Any CPU.ActiveCfg = Release|Any CPU
		{170AD02A-F969-4316-8D82-8B2D23A29A93}.Release|Any CPU.Build.0 = Release|Any CPU
		{170AD02A-F969-4316-8D82-8B2D23A29A93}.Release|x64.ActiveCfg = Release|Any CPU
		{170AD02A-F969-4316-8D82-8B2D23A29A93}.Release|x64.Build.0 = Release|Any CPU
		{170AD02A-F969-4316-8D82-8B2D23A29A93}.Release|x86.ActiveCfg = Release|Any CPU
		{170AD02A-F969-4316-8D82-8B2D23A29A93}.Release|x86.Build.0 = Release|Any CPU
		{CAA3EA08-6A6D-4612-8E44-93DFE37FC4C1}.Debug|Any CPU.ActiveCfg = Debug|Any CPU
		{CAA3EA08-6A6D-4612-8E44-93DFE37FC4C1}.Debug|Any CPU.Build.0 = Debug|Any CPU
		{CAA3EA08-6A6D-4612-8E44-93DFE37FC4C1}.Debug|x64.ActiveCfg = Debug|Any CPU
		{CAA3EA08-6A6D-4612-8E44-93DFE37FC4C1}.Debug|x64.Build.0 = Debug|Any CPU
		{CAA3EA08-6A6D-4612-8E44-93DFE37FC4C1}.Debug|x86.ActiveCfg = Debug|Any CPU
		{CAA3EA08-6A6D-4612-8E44-93DFE37FC4C1}.Debug|x86.Build.0 = Debug|Any CPU
		{CAA3EA08-6A6D-4612-8E44-93DFE37FC4C1}.Release|Any CPU.ActiveCfg = Release|Any CPU
		{CAA3EA08-6A6D-4612-8E44-93DFE37FC4C1}.Release|Any CPU.Build.0 = Release|Any CPU
		{CAA3EA08-6A6D-4612-8E44-93DFE37FC4C1}.Release|x64.ActiveCfg = Release|Any CPU
		{CAA3EA08-6A6D-4612-8E44-93DFE37FC4C1}.Release|x64.Build.0 = Release|Any CPU
		{CAA3EA08-6A6D-4612-8E44-93DFE37FC4C1}.Release|x86.ActiveCfg = Release|Any CPU
		{CAA3EA08-6A6D-4612-8E44-93DFE37FC4C1}.Release|x86.Build.0 = Release|Any CPU
		{A5B1174A-9B5B-4972-8A0D-1091FB078334}.Debug|Any CPU.ActiveCfg = Debug|Any CPU
		{A5B1174A-9B5B-4972-8A0D-1091FB078334}.Debug|Any CPU.Build.0 = Debug|Any CPU
		{A5B1174A-9B5B-4972-8A0D-1091FB078334}.Debug|x64.ActiveCfg = Debug|Any CPU
		{A5B1174A-9B5B-4972-8A0D-1091FB078334}.Debug|x64.Build.0 = Debug|Any CPU
		{A5B1174A-9B5B-4972-8A0D-1091FB078334}.Debug|x86.ActiveCfg = Debug|Any CPU
		{A5B1174A-9B5B-4972-8A0D-1091FB078334}.Debug|x86.Build.0 = Debug|Any CPU
		{A5B1174A-9B5B-4972-8A0D-1091FB078334}.Release|Any CPU.ActiveCfg = Release|Any CPU
		{A5B1174A-9B5B-4972-8A0D-1091FB078334}.Release|Any CPU.Build.0 = Release|Any CPU
		{A5B1174A-9B5B-4972-8A0D-1091FB078334}.Release|x64.ActiveCfg = Release|Any CPU
		{A5B1174A-9B5B-4972-8A0D-1091FB078334}.Release|x64.Build.0 = Release|Any CPU
		{A5B1174A-9B5B-4972-8A0D-1091FB078334}.Release|x86.ActiveCfg = Release|Any CPU
		{A5B1174A-9B5B-4972-8A0D-1091FB078334}.Release|x86.Build.0 = Release|Any CPU
		{55F7BBB3-2ED3-485B-BE08-43FB3E52F0D3}.Debug|Any CPU.ActiveCfg = Debug|Any CPU
		{55F7BBB3-2ED3-485B-BE08-43FB3E52F0D3}.Debug|Any CPU.Build.0 = Debug|Any CPU
		{55F7BBB3-2ED3-485B-BE08-43FB3E52F0D3}.Debug|x64.ActiveCfg = Debug|Any CPU
		{55F7BBB3-2ED3-485B-BE08-43FB3E52F0D3}.Debug|x64.Build.0 = Debug|Any CPU
		{55F7BBB3-2ED3-485B-BE08-43FB3E52F0D3}.Debug|x86.ActiveCfg = Debug|Any CPU
		{55F7BBB3-2ED3-485B-BE08-43FB3E52F0D3}.Debug|x86.Build.0 = Debug|Any CPU
		{55F7BBB3-2ED3-485B-BE08-43FB3E52F0D3}.Release|Any CPU.ActiveCfg = Release|Any CPU
		{55F7BBB3-2ED3-485B-BE08-43FB3E52F0D3}.Release|Any CPU.Build.0 = Release|Any CPU
		{55F7BBB3-2ED3-485B-BE08-43FB3E52F0D3}.Release|x64.ActiveCfg = Release|Any CPU
		{55F7BBB3-2ED3-485B-BE08-43FB3E52F0D3}.Release|x64.Build.0 = Release|Any CPU
		{55F7BBB3-2ED3-485B-BE08-43FB3E52F0D3}.Release|x86.ActiveCfg = Release|Any CPU
		{55F7BBB3-2ED3-485B-BE08-43FB3E52F0D3}.Release|x86.Build.0 = Release|Any CPU
		{3F2C4690-AF41-46B8-80A5-CEB643664317}.Debug|Any CPU.ActiveCfg = Debug|Any CPU
		{3F2C4690-AF41-46B8-80A5-CEB643664317}.Debug|Any CPU.Build.0 = Debug|Any CPU
		{3F2C4690-AF41-46B8-80A5-CEB643664317}.Debug|x64.ActiveCfg = Debug|Any CPU
		{3F2C4690-AF41-46B8-80A5-CEB643664317}.Debug|x64.Build.0 = Debug|Any CPU
		{3F2C4690-AF41-46B8-80A5-CEB643664317}.Debug|x86.ActiveCfg = Debug|Any CPU
		{3F2C4690-AF41-46B8-80A5-CEB643664317}.Debug|x86.Build.0 = Debug|Any CPU
		{3F2C4690-AF41-46B8-80A5-CEB643664317}.Release|Any CPU.ActiveCfg = Release|Any CPU
		{3F2C4690-AF41-46B8-80A5-CEB643664317}.Release|Any CPU.Build.0 = Release|Any CPU
		{3F2C4690-AF41-46B8-80A5-CEB643664317}.Release|x64.ActiveCfg = Release|Any CPU
		{3F2C4690-AF41-46B8-80A5-CEB643664317}.Release|x64.Build.0 = Release|Any CPU
		{3F2C4690-AF41-46B8-80A5-CEB643664317}.Release|x86.ActiveCfg = Release|Any CPU
		{3F2C4690-AF41-46B8-80A5-CEB643664317}.Release|x86.Build.0 = Release|Any CPU
		{D88B7170-1507-4C7C-BD07-CEE14FE26760}.Debug|Any CPU.ActiveCfg = Debug|Any CPU
		{D88B7170-1507-4C7C-BD07-CEE14FE26760}.Debug|Any CPU.Build.0 = Debug|Any CPU
		{D88B7170-1507-4C7C-BD07-CEE14FE26760}.Debug|x64.ActiveCfg = Debug|Any CPU
		{D88B7170-1507-4C7C-BD07-CEE14FE26760}.Debug|x64.Build.0 = Debug|Any CPU
		{D88B7170-1507-4C7C-BD07-CEE14FE26760}.Debug|x86.ActiveCfg = Debug|Any CPU
		{D88B7170-1507-4C7C-BD07-CEE14FE26760}.Debug|x86.Build.0 = Debug|Any CPU
		{D88B7170-1507-4C7C-BD07-CEE14FE26760}.Release|Any CPU.ActiveCfg = Release|Any CPU
		{D88B7170-1507-4C7C-BD07-CEE14FE26760}.Release|Any CPU.Build.0 = Release|Any CPU
		{D88B7170-1507-4C7C-BD07-CEE14FE26760}.Release|x64.ActiveCfg = Release|Any CPU
		{D88B7170-1507-4C7C-BD07-CEE14FE26760}.Release|x64.Build.0 = Release|Any CPU
		{D88B7170-1507-4C7C-BD07-CEE14FE26760}.Release|x86.ActiveCfg = Release|Any CPU
		{D88B7170-1507-4C7C-BD07-CEE14FE26760}.Release|x86.Build.0 = Release|Any CPU
	EndGlobalSection
	GlobalSection(SolutionProperties) = preSolution
		HideSolutionNode = FALSE
	EndGlobalSection
	GlobalSection(NestedProjects) = preSolution
		{FA2C8283-48D3-4EDD-AC6E-6EDE793BD57E} = {827E0CD3-B72D-47B6-A68D-7590B98EB39B}
		{4F44FE37-5A1A-4D93-8EDF-367C15C7629B} = {827E0CD3-B72D-47B6-A68D-7590B98EB39B}
		{2B1EE964-CF5B-4FB6-A2A9-0F3C4BB2D4A9} = {827E0CD3-B72D-47B6-A68D-7590B98EB39B}
		{170AD02A-F969-4316-8D82-8B2D23A29A93} = {827E0CD3-B72D-47B6-A68D-7590B98EB39B}
		{CAA3EA08-6A6D-4612-8E44-93DFE37FC4C1} = {827E0CD3-B72D-47B6-A68D-7590B98EB39B}
		{A5B1174A-9B5B-4972-8A0D-1091FB078334} = {0AB3BF05-4346-4AA6-1389-037BE0695223}
		{55F7BBB3-2ED3-485B-BE08-43FB3E52F0D3} = {0AB3BF05-4346-4AA6-1389-037BE0695223}
		{3F2C4690-AF41-46B8-80A5-CEB643664317} = {0AB3BF05-4346-4AA6-1389-037BE0695223}
		{D88B7170-1507-4C7C-BD07-CEE14FE26760} = {0AB3BF05-4346-4AA6-1389-037BE0695223}
	EndGlobalSection
EndGlobal
